
Microsoft Visual Studio Solution File, Format Version 12.00
# Visual Studio Version 17
VisualStudioVersion = 17.1.32210.238
MinimumVisualStudioVersion = 10.0.40219.1
Project("{9A19103F-16F7-4668-BE54-9A1E7A4F7556}") = "leetcode-csharp", "leetcode-csharp\leetcode-csharp.csproj", "{E421B05D-ABDF-453A-8383-7239A0B95421}"
EndProject
Project("{9A19103F-16F7-4668-BE54-9A1E7A4F7556}") = "concatenation-of-array", "concatenation-of-array\concatenation-of-array.csproj", "{F9EC1346-6EFF-4F37-8845-B0CAE9A25324}"
EndProject
Project("{9A19103F-16F7-4668-BE54-9A1E7A4F7556}") = "palindrome-number", "palindrome-number\palindrome-number.csproj", "{A2C7CEB3-522F-48A8-8E70-7A87E49CE28A}"
EndProject
Project("{9A19103F-16F7-4668-BE54-9A1E7A4F7556}") = "count-odd-numbers-in-an-interval-range", "count-odd-numbers-in-an-interval-range\count-odd-numbers-in-an-interval-range.csproj", "{5EDDAF5C-F871-48CE-81CC-ECB44CC1987B}"
EndProject
Project("{9A19103F-16F7-4668-BE54-9A1E7A4F7556}") = "average-salary-excluding-the-minimum-and-maximum-salary", "average-salary-excluding-the-minimum-and-maximum-salary\average-salary-excluding-the-minimum-and-maximum-salary.csproj", "{2A776D37-B966-4424-8A60-650D403BF39A}"
EndProject
Project("{9A19103F-16F7-4668-BE54-9A1E7A4F7556}") = "number-of-1-bits", "number-of-1-bits\number-of-1-bits.csproj", "{87454A65-7209-4EB5-AAB4-FA9C20B8AD48}"
EndProject
Project("{9A19103F-16F7-4668-BE54-9A1E7A4F7556}") = "subtract-the-product-and-sum-of-digits-of-an-integer", "subtract-the-product-and-sum-of-digits-of-an-integer\subtract-the-product-and-sum-of-digits-of-an-integer.csproj", "{F4F72D9B-C381-4D1B-9982-CE64F5D5C605}"
EndProject
Project("{9A19103F-16F7-4668-BE54-9A1E7A4F7556}") = "largest-perimeter-triangle", "largest-perimeter-triangle\largest-perimeter-triangle.csproj", "{DDD07F2A-D438-4CC0-A1EE-4198A653D1F3}"
EndProject
Project("{9A19103F-16F7-4668-BE54-9A1E7A4F7556}") = "find-nearest-point-that-has-the-same-x-or-y-coordinate", "find-nearest-point-that-has-the-same-x-or-y-coordinate\find-nearest-point-that-has-the-same-x-or-y-coordinate.csproj", "{AD052484-1A06-48F4-B56C-B0D16CB1502F}"
EndProject
Project("{FAE04EC0-301F-11D3-BF4B-00C04F79EFBC}") = "sign-of-the-product-of-an-array", "sign-of-the-product-of-an-array\sign-of-the-product-of-an-array.csproj", "{529643C0-3A7D-4D29-9110-C550C6BCF205}"
EndProject
Project("{FAE04EC0-301F-11D3-BF4B-00C04F79EFBC}") = "can-make-arithmetic-progression-from-sequence", "can-make-arithmetic-progression-from-sequence\can-make-arithmetic-progression-from-sequence.csproj", "{14BCF5D5-5FF5-4671-B563-F24E37869224}"
EndProject
Global
	GlobalSection(SolutionConfigurationPlatforms) = preSolution
		Debug|Any CPU = Debug|Any CPU
		Release|Any CPU = Release|Any CPU
	EndGlobalSection
	GlobalSection(ProjectConfigurationPlatforms) = postSolution
		{E421B05D-ABDF-453A-8383-7239A0B95421}.Debug|Any CPU.ActiveCfg = Debug|Any CPU
		{E421B05D-ABDF-453A-8383-7239A0B95421}.Debug|Any CPU.Build.0 = Debug|Any CPU
		{E421B05D-ABDF-453A-8383-7239A0B95421}.Release|Any CPU.ActiveCfg = Release|Any CPU
		{E421B05D-ABDF-453A-8383-7239A0B95421}.Release|Any CPU.Build.0 = Release|Any CPU
		{F9EC1346-6EFF-4F37-8845-B0CAE9A25324}.Debug|Any CPU.ActiveCfg = Debug|Any CPU
		{F9EC1346-6EFF-4F37-8845-B0CAE9A25324}.Debug|Any CPU.Build.0 = Debug|Any CPU
		{F9EC1346-6EFF-4F37-8845-B0CAE9A25324}.Release|Any CPU.ActiveCfg = Release|Any CPU
		{F9EC1346-6EFF-4F37-8845-B0CAE9A25324}.Release|Any CPU.Build.0 = Release|Any CPU
		{A2C7CEB3-522F-48A8-8E70-7A87E49CE28A}.Debug|Any CPU.ActiveCfg = Debug|Any CPU
		{A2C7CEB3-522F-48A8-8E70-7A87E49CE28A}.Debug|Any CPU.Build.0 = Debug|Any CPU
		{A2C7CEB3-522F-48A8-8E70-7A87E49CE28A}.Release|Any CPU.ActiveCfg = Release|Any CPU
		{A2C7CEB3-522F-48A8-8E70-7A87E49CE28A}.Release|Any CPU.Build.0 = Release|Any CPU
		{5EDDAF5C-F871-48CE-81CC-ECB44CC1987B}.Debug|Any CPU.ActiveCfg = Debug|Any CPU
		{5EDDAF5C-F871-48CE-81CC-ECB44CC1987B}.Debug|Any CPU.Build.0 = Debug|Any CPU
		{5EDDAF5C-F871-48CE-81CC-ECB44CC1987B}.Release|Any CPU.ActiveCfg = Release|Any CPU
		{5EDDAF5C-F871-48CE-81CC-ECB44CC1987B}.Release|Any CPU.Build.0 = Release|Any CPU
		{2A776D37-B966-4424-8A60-650D403BF39A}.Debug|Any CPU.ActiveCfg = Debug|Any CPU
		{2A776D37-B966-4424-8A60-650D403BF39A}.Debug|Any CPU.Build.0 = Debug|Any CPU
		{2A776D37-B966-4424-8A60-650D403BF39A}.Release|Any CPU.ActiveCfg = Release|Any CPU
		{2A776D37-B966-4424-8A60-650D403BF39A}.Release|Any CPU.Build.0 = Release|Any CPU
		{87454A65-7209-4EB5-AAB4-FA9C20B8AD48}.Debug|Any CPU.ActiveCfg = Debug|Any CPU
		{87454A65-7209-4EB5-AAB4-FA9C20B8AD48}.Debug|Any CPU.Build.0 = Debug|Any CPU
		{87454A65-7209-4EB5-AAB4-FA9C20B8AD48}.Release|Any CPU.ActiveCfg = Release|Any CPU
		{87454A65-7209-4EB5-AAB4-FA9C20B8AD48}.Release|Any CPU.Build.0 = Release|Any CPU
		{F4F72D9B-C381-4D1B-9982-CE64F5D5C605}.Debug|Any CPU.ActiveCfg = Debug|Any CPU
		{F4F72D9B-C381-4D1B-9982-CE64F5D5C605}.Debug|Any CPU.Build.0 = Debug|Any CPU
		{F4F72D9B-C381-4D1B-9982-CE64F5D5C605}.Release|Any CPU.ActiveCfg = Release|Any CPU
		{F4F72D9B-C381-4D1B-9982-CE64F5D5C605}.Release|Any CPU.Build.0 = Release|Any CPU
		{DDD07F2A-D438-4CC0-A1EE-4198A653D1F3}.Debug|Any CPU.ActiveCfg = Debug|Any CPU
		{DDD07F2A-D438-4CC0-A1EE-4198A653D1F3}.Debug|Any CPU.Build.0 = Debug|Any CPU
		{DDD07F2A-D438-4CC0-A1EE-4198A653D1F3}.Release|Any CPU.ActiveCfg = Release|Any CPU
		{DDD07F2A-D438-4CC0-A1EE-4198A653D1F3}.Release|Any CPU.Build.0 = Release|Any CPU
		{AD052484-1A06-48F4-B56C-B0D16CB1502F}.Debug|Any CPU.ActiveCfg = Debug|Any CPU
		{AD052484-1A06-48F4-B56C-B0D16CB1502F}.Debug|Any CPU.Build.0 = Debug|Any CPU
		{AD052484-1A06-48F4-B56C-B0D16CB1502F}.Release|Any CPU.ActiveCfg = Release|Any CPU
		{AD052484-1A06-48F4-B56C-B0D16CB1502F}.Release|Any CPU.Build.0 = Release|Any CPU
		{529643C0-3A7D-4D29-9110-C550C6BCF205}.Debug|Any CPU.ActiveCfg = Debug|Any CPU
		{529643C0-3A7D-4D29-9110-C550C6BCF205}.Debug|Any CPU.Build.0 = Debug|Any CPU
		{529643C0-3A7D-4D29-9110-C550C6BCF205}.Release|Any CPU.ActiveCfg = Release|Any CPU
		{529643C0-3A7D-4D29-9110-C550C6BCF205}.Release|Any CPU.Build.0 = Release|Any CPU
		{14BCF5D5-5FF5-4671-B563-F24E37869224}.Debug|Any CPU.ActiveCfg = Debug|Any CPU
		{14BCF5D5-5FF5-4671-B563-F24E37869224}.Debug|Any CPU.Build.0 = Debug|Any CPU
		{14BCF5D5-5FF5-4671-B563-F24E37869224}.Release|Any CPU.ActiveCfg = Release|Any CPU
		{14BCF5D5-5FF5-4671-B563-F24E37869224}.Release|Any CPU.Build.0 = Release|Any CPU
	EndGlobalSection
	GlobalSection(SolutionProperties) = preSolution
		HideSolutionNode = FALSE
	EndGlobalSection
	GlobalSection(ExtensibilityGlobals) = postSolution
		SolutionGuid = {BB87B674-8EA9-4289-A4CF-EF2AFF0A3608}
	EndGlobalSection
EndGlobal
