
Microsoft Visual Studio Solution File, Format Version 12.00
# Visual Studio Version 17
VisualStudioVersion = 17.1.32328.378
MinimumVisualStudioVersion = 10.0.40219.1
Project("{FAE04EC0-301F-11D3-BF4B-00C04F79EFBC}") = "csharp-leetcode.Tests", "csharp-leetcode.Tests\csharp-leetcode.Tests.csproj", "{1F668E5B-1C06-4471-A149-E605F2117526}"
EndProject
Project("{9A19103F-16F7-4668-BE54-9A1E7A4F7556}") = "csharpleetcodelib", "csharp-leetcode\csharpleetcodelib.csproj", "{C08452F3-9B18-4725-A41A-6BCF30F50787}"
EndProject
Global
	GlobalSection(SolutionConfigurationPlatforms) = preSolution
		Debug|Any CPU = Debug|Any CPU
		Release|Any CPU = Release|Any CPU
	EndGlobalSection
	GlobalSection(ProjectConfigurationPlatforms) = postSolution
		{1F668E5B-1C06-4471-A149-E605F2117526}.Debug|Any CPU.ActiveCfg = Debug|Any CPU
		{1F668E5B-1C06-4471-A149-E605F2117526}.Debug|Any CPU.Build.0 = Debug|Any CPU
		{1F668E5B-1C06-4471-A149-E605F2117526}.Release|Any CPU.ActiveCfg = Release|Any CPU
		{1F668E5B-1C06-4471-A149-E605F2117526}.Release|Any CPU.Build.0 = Release|Any CPU
		{C08452F3-9B18-4725-A41A-6BCF30F50787}.Debug|Any CPU.ActiveCfg = Debug|Any CPU
		{C08452F3-9B18-4725-A41A-6BCF30F50787}.Debug|Any CPU.Build.0 = Debug|Any CPU
		{C08452F3-9B18-4725-A41A-6BCF30F50787}.Release|Any CPU.ActiveCfg = Release|Any CPU
		{C08452F3-9B18-4725-A41A-6BCF30F50787}.Release|Any CPU.Build.0 = Release|Any CPU
	EndGlobalSection
	GlobalSection(SolutionProperties) = preSolution
		HideSolutionNode = FALSE
	EndGlobalSection
	GlobalSection(ExtensibilityGlobals) = postSolution
		SolutionGuid = {E0922AF0-EB5F-48A3-B31C-D5CB86A3F2BB}
	EndGlobalSection
EndGlobal
